// !$*UTF8*$!
{
	archiveVersion = 1;
	classes = {
	};
	objectVersion = 46;
	objects = {

/* Begin PBXBuildFile section */
		49BD7B511EF9A1290084C123 /* AppDelegate.swift in Sources */ = {isa = PBXBuildFile; fileRef = 49BD7B501EF9A1290084C123 /* AppDelegate.swift */; };
		49BD7B561EF9A1290084C123 /* Main.storyboard in Resources */ = {isa = PBXBuildFile; fileRef = 49BD7B541EF9A1290084C123 /* Main.storyboard */; };
		49BD7B581EF9A1290084C123 /* Assets.xcassets in Resources */ = {isa = PBXBuildFile; fileRef = 49BD7B571EF9A1290084C123 /* Assets.xcassets */; };
		49BD7B5B1EF9A1290084C123 /* LaunchScreen.storyboard in Resources */ = {isa = PBXBuildFile; fileRef = 49BD7B591EF9A1290084C123 /* LaunchScreen.storyboard */; };
		49BD7B661EF9A2240084C123 /* MainViewController.swift in Sources */ = {isa = PBXBuildFile; fileRef = 49BD7B651EF9A2240084C123 /* MainViewController.swift */; };
		C592282BF1EEED26DB4B36C6 /* Pods_SuperHeroes.framework in Frameworks */ = {isa = PBXBuildFile; fileRef = 43B8C70CDA93678CE4389BDC /* Pods_SuperHeroes.framework */; };
/* End PBXBuildFile section */

/* Begin PBXFileReference section */
		0B938130F2C160B0B1EF3123 /* Pods-SuperHeroes.debug.xcconfig */ = {isa = PBXFileReference; includeInIndex = 1; lastKnownFileType = text.xcconfig; name = "Pods-SuperHeroes.debug.xcconfig"; path = "Pods/Target Support Files/Pods-SuperHeroes/Pods-SuperHeroes.debug.xcconfig"; sourceTree = "<group>"; };
		43B8C70CDA93678CE4389BDC /* Pods_SuperHeroes.framework */ = {isa = PBXFileReference; explicitFileType = wrapper.framework; includeInIndex = 0; path = Pods_SuperHeroes.framework; sourceTree = BUILT_PRODUCTS_DIR; };
		49BD7B4D1EF9A1290084C123 /* SuperHeroes.app */ = {isa = PBXFileReference; explicitFileType = wrapper.application; includeInIndex = 0; path = SuperHeroes.app; sourceTree = BUILT_PRODUCTS_DIR; };
		49BD7B501EF9A1290084C123 /* AppDelegate.swift */ = {isa = PBXFileReference; lastKnownFileType = sourcecode.swift; path = AppDelegate.swift; sourceTree = "<group>"; };
		49BD7B551EF9A1290084C123 /* Base */ = {isa = PBXFileReference; lastKnownFileType = file.storyboard; name = Base; path = Base.lproj/Main.storyboard; sourceTree = "<group>"; };
		49BD7B571EF9A1290084C123 /* Assets.xcassets */ = {isa = PBXFileReference; lastKnownFileType = folder.assetcatalog; path = Assets.xcassets; sourceTree = "<group>"; };
		49BD7B5A1EF9A1290084C123 /* Base */ = {isa = PBXFileReference; lastKnownFileType = file.storyboard; name = Base; path = Base.lproj/LaunchScreen.storyboard; sourceTree = "<group>"; };
		49BD7B5C1EF9A1290084C123 /* Info.plist */ = {isa = PBXFileReference; lastKnownFileType = text.plist.xml; path = Info.plist; sourceTree = "<group>"; };
		49BD7B651EF9A2240084C123 /* MainViewController.swift */ = {isa = PBXFileReference; fileEncoding = 4; lastKnownFileType = sourcecode.swift; path = MainViewController.swift; sourceTree = "<group>"; };
		C2173F613D93B0CBDA4BDB19 /* Pods-SuperHeroes.release.xcconfig */ = {isa = PBXFileReference; includeInIndex = 1; lastKnownFileType = text.xcconfig; name = "Pods-SuperHeroes.release.xcconfig"; path = "Pods/Target Support Files/Pods-SuperHeroes/Pods-SuperHeroes.release.xcconfig"; sourceTree = "<group>"; };
/* End PBXFileReference section */

/* Begin PBXFrameworksBuildPhase section */
		49BD7B4A1EF9A1290084C123 /* Frameworks */ = {
			isa = PBXFrameworksBuildPhase;
			buildActionMask = 2147483647;
			files = (
				C592282BF1EEED26DB4B36C6 /* Pods_SuperHeroes.framework in Frameworks */,
			);
			runOnlyForDeploymentPostprocessing = 0;
		};
/* End PBXFrameworksBuildPhase section */

/* Begin PBXGroup section */
		49BD7B441EF9A1290084C123 = {
			isa = PBXGroup;
			children = (
				49BD7B4F1EF9A1290084C123 /* SuperHeroes */,
				49BD7B4E1EF9A1290084C123 /* Products */,
				FFA0333763CD032C113C9CE4 /* Pods */,
				73B3A347A8B20597D4FFC348 /* Frameworks */,
			);
			sourceTree = "<group>";
		};
		49BD7B4E1EF9A1290084C123 /* Products */ = {
			isa = PBXGroup;
			children = (
				49BD7B4D1EF9A1290084C123 /* SuperHeroes.app */,
			);
			name = Products;
			sourceTree = "<group>";
		};
		49BD7B4F1EF9A1290084C123 /* SuperHeroes */ = {
			isa = PBXGroup;
			children = (
				49BD7B501EF9A1290084C123 /* AppDelegate.swift */,
				49BD7B631EF9A20B0084C123 /* Model */,
				49BD7B641EF9A20B0084C123 /* Services */,
				49BD7B621EF9A2030084C123 /* ViewControllers */,
				49BD7B671EF9A2370084C123 /* Views */,
				49BD7B571EF9A1290084C123 /* Assets.xcassets */,
				49BD7B5C1EF9A1290084C123 /* Info.plist */,
			);
			path = SuperHeroes;
			sourceTree = "<group>";
		};
		49BD7B621EF9A2030084C123 /* ViewControllers */ = {
			isa = PBXGroup;
			children = (
				49BD7B651EF9A2240084C123 /* MainViewController.swift */,
			);
			path = ViewControllers;
			sourceTree = "<group>";
		};
		49BD7B631EF9A20B0084C123 /* Model */ = {
			isa = PBXGroup;
			children = (
			);
			path = Model;
			sourceTree = "<group>";
		};
		49BD7B641EF9A20B0084C123 /* Services */ = {
			isa = PBXGroup;
			children = (
			);
			path = Services;
			sourceTree = "<group>";
		};
		49BD7B671EF9A2370084C123 /* Views */ = {
			isa = PBXGroup;
			children = (
				49BD7B541EF9A1290084C123 /* Main.storyboard */,
				49BD7B591EF9A1290084C123 /* LaunchScreen.storyboard */,
			);
			name = Views;
			sourceTree = "<group>";
		};
		73B3A347A8B20597D4FFC348 /* Frameworks */ = {
			isa = PBXGroup;
			children = (
				43B8C70CDA93678CE4389BDC /* Pods_SuperHeroes.framework */,
			);
			name = Frameworks;
			sourceTree = "<group>";
		};
		FFA0333763CD032C113C9CE4 /* Pods */ = {
			isa = PBXGroup;
			children = (
				0B938130F2C160B0B1EF3123 /* Pods-SuperHeroes.debug.xcconfig */,
				C2173F613D93B0CBDA4BDB19 /* Pods-SuperHeroes.release.xcconfig */,
			);
			name = Pods;
			sourceTree = "<group>";
		};
/* End PBXGroup section */

/* Begin PBXNativeTarget section */
		49BD7B4C1EF9A1290084C123 /* SuperHeroes */ = {
			isa = PBXNativeTarget;
			buildConfigurationList = 49BD7B5F1EF9A1290084C123 /* Build configuration list for PBXNativeTarget "SuperHeroes" */;
			buildPhases = (
				1EE90B8A2DAE2F3953AF10B4 /* [CP] Check Pods Manifest.lock */,
				49BD7B491EF9A1290084C123 /* Sources */,
				49BD7B4A1EF9A1290084C123 /* Frameworks */,
				49BD7B4B1EF9A1290084C123 /* Resources */,
				C193B49778DFA12D2EFC401F /* [CP] Embed Pods Frameworks */,
				6B5FBA1AE362FF5618AEF470 /* [CP] Copy Pods Resources */,
			);
			buildRules = (
			);
			dependencies = (
			);
			name = SuperHeroes;
			productName = SuperHeroes;
			productReference = 49BD7B4D1EF9A1290084C123 /* SuperHeroes.app */;
			productType = "com.apple.product-type.application";
		};
/* End PBXNativeTarget section */

/* Begin PBXProject section */
		49BD7B451EF9A1290084C123 /* Project object */ = {
			isa = PBXProject;
			attributes = {
				LastSwiftUpdateCheck = 0830;
				LastUpgradeCheck = 0830;
				ORGANIZATIONNAME = "Miguel Gallego";
				TargetAttributes = {
					49BD7B4C1EF9A1290084C123 = {
						CreatedOnToolsVersion = 8.3.3;
						DevelopmentTeam = A9BV75HGP3;
						ProvisioningStyle = Automatic;
					};
				};
			};
			buildConfigurationList = 49BD7B481EF9A1290084C123 /* Build configuration list for PBXProject "SuperHeroes" */;
			compatibilityVersion = "Xcode 3.2";
			developmentRegion = English;
			hasScannedForEncodings = 0;
			knownRegions = (
				en,
				Base,
			);
			mainGroup = 49BD7B441EF9A1290084C123;
			productRefGroup = 49BD7B4E1EF9A1290084C123 /* Products */;
			projectDirPath = "";
			projectRoot = "";
			targets = (
				49BD7B4C1EF9A1290084C123 /* SuperHeroes */,
			);
		};
/* End PBXProject section */

/* Begin PBXResourcesBuildPhase section */
		49BD7B4B1EF9A1290084C123 /* Resources */ = {
			isa = PBXResourcesBuildPhase;
			buildActionMask = 2147483647;
			files = (
				49BD7B5B1EF9A1290084C123 /* LaunchScreen.storyboard in Resources */,
				49BD7B581EF9A1290084C123 /* Assets.xcassets in Resources */,
				49BD7B561EF9A1290084C123 /* Main.storyboard in Resources */,
			);
			runOnlyForDeploymentPostprocessing = 0;
		};
/* End PBXResourcesBuildPhase section */

/* Begin PBXShellScriptBuildPhase section */
		1EE90B8A2DAE2F3953AF10B4 /* [CP] Check Pods Manifest.lock */ = {
			isa = PBXShellScriptBuildPhase;
			buildActionMask = 2147483647;
			files = (
			);
			inputPaths = (
			);
			name = "[CP] Check Pods Manifest.lock";
			outputPaths = (
			);
			runOnlyForDeploymentPostprocessing = 0;
			shellPath = /bin/sh;
			shellScript = "diff \"${PODS_PODFILE_DIR_PATH}/Podfile.lock\" \"${PODS_ROOT}/Manifest.lock\" > /dev/null\nif [ $? != 0 ] ; then\n    # print error to STDERR\n    echo \"error: The sandbox is not in sync with the Podfile.lock. Run 'pod install' or update your CocoaPods installation.\" >&2\n    exit 1\nfi\n";
			showEnvVarsInLog = 0;
		};
		6B5FBA1AE362FF5618AEF470 /* [CP] Copy Pods Resources */ = {
			isa = PBXShellScriptBuildPhase;
			buildActionMask = 2147483647;
			files = (
			);
			inputPaths = (
			);
			name = "[CP] Copy Pods Resources";
			outputPaths = (
			);
			runOnlyForDeploymentPostprocessing = 0;
			shellPath = /bin/sh;
			shellScript = "\"${SRCROOT}/Pods/Target Support Files/Pods-SuperHeroes/Pods-SuperHeroes-resources.sh\"\n";
			showEnvVarsInLog = 0;
		};
		C193B49778DFA12D2EFC401F /* [CP] Embed Pods Frameworks */ = {
			isa = PBXShellScriptBuildPhase;
			buildActionMask = 2147483647;
			files = (
			);
			inputPaths = (
			);
			name = "[CP] Embed Pods Frameworks";
			outputPaths = (
			);
			runOnlyForDeploymentPostprocessing = 0;
			shellPath = /bin/sh;
			shellScript = "\"${SRCROOT}/Pods/Target Support Files/Pods-SuperHeroes/Pods-SuperHeroes-frameworks.sh\"\n";
			showEnvVarsInLog = 0;
		};
/* End PBXShellScriptBuildPhase section */

/* Begin PBXSourcesBuildPhase section */
		49BD7B491EF9A1290084C123 /* Sources */ = {
			isa = PBXSourcesBuildPhase;
			buildActionMask = 2147483647;
			files = (
				49BD7B511EF9A1290084C123 /* AppDelegate.swift in Sources */,
				49BD7B661EF9A2240084C123 /* MainViewController.swift in Sources */,
			);
			runOnlyForDeploymentPostprocessing = 0;
		};
/* End PBXSourcesBuildPhase section */

/* Begin PBXVariantGroup section */
		49BD7B541EF9A1290084C123 /* Main.storyboard */ = {
			isa = PBXVariantGroup;
			children = (
				49BD7B551EF9A1290084C123 /* Base */,
			);
			name = Main.storyboard;
			sourceTree = "<group>";
		};
		49BD7B591EF9A1290084C123 /* LaunchScreen.storyboard */ = {
			isa = PBXVariantGroup;
			children = (
				49BD7B5A1EF9A1290084C123 /* Base */,
			);
			name = LaunchScreen.storyboard;
			sourceTree = "<group>";
		};
/* End PBXVariantGroup section */

/* Begin XCBuildConfiguration section */
		49BD7B5D1EF9A1290084C123 /* Debug */ = {
			isa = XCBuildConfiguration;
			buildSettings = {
				ALWAYS_SEARCH_USER_PATHS = NO;
				CLANG_ANALYZER_NONNULL = YES;
				CLANG_ANALYZER_NUMBER_OBJECT_CONVERSION = YES_AGGRESSIVE;
				CLANG_CXX_LANGUAGE_STANDARD = "gnu++0x";
				CLANG_CXX_LIBRARY = "libc++";
				CLANG_ENABLE_MODULES = YES;
				CLANG_ENABLE_OBJC_ARC = YES;
				CLANG_WARN_BOOL_CONVERSION = YES;
				CLANG_WARN_CONSTANT_CONVERSION = YES;
				CLANG_WARN_DIRECT_OBJC_ISA_USAGE = YES_ERROR;
				CLANG_WARN_DOCUMENTATION_COMMENTS = YES;
				CLANG_WARN_EMPTY_BODY = YES;
				CLANG_WARN_ENUM_CONVERSION = YES;
				CLANG_WARN_INFINITE_RECURSION = YES;
				CLANG_WARN_INT_CONVERSION = YES;
				CLANG_WARN_OBJC_ROOT_CLASS = YES_ERROR;
				CLANG_WARN_SUSPICIOUS_MOVE = YES;
				CLANG_WARN_UNREACHABLE_CODE = YES;
				CLANG_WARN__DUPLICATE_METHOD_MATCH = YES;
				"CODE_SIGN_IDENTITY[sdk=iphoneos*]" = "iPhone Developer";
				COPY_PHASE_STRIP = NO;
				DEBUG_INFORMATION_FORMAT = dwarf;
				ENABLE_STRICT_OBJC_MSGSEND = YES;
				ENABLE_TESTABILITY = YES;
				GCC_C_LANGUAGE_STANDARD = gnu99;
				GCC_DYNAMIC_NO_PIC = NO;
				GCC_NO_COMMON_BLOCKS = YES;
				GCC_OPTIMIZATION_LEVEL = 0;
				GCC_PREPROCESSOR_DEFINITIONS = (
					"DEBUG=1",
					"$(inherited)",
				);
				GCC_WARN_64_TO_32_BIT_CONVERSION = YES;
				GCC_WARN_ABOUT_RETURN_TYPE = YES_ERROR;
				GCC_WARN_UNDECLARED_SELECTOR = YES;
				GCC_WARN_UNINITIALIZED_AUTOS = YES_AGGRESSIVE;
				GCC_WARN_UNUSED_FUNCTION = YES;
				GCC_WARN_UNUSED_VARIABLE = YES;
				IPHONEOS_DEPLOYMENT_TARGET = 10.0;
				MTL_ENABLE_DEBUG_INFO = YES;
				ONLY_ACTIVE_ARCH = YES;
				SDKROOT = iphoneos;
				SWIFT_ACTIVE_COMPILATION_CONDITIONS = DEBUG;
				SWIFT_OPTIMIZATION_LEVEL = "-Onone";
			};
			name = Debug;
		};
		49BD7B5E1EF9A1290084C123 /* Release */ = {
			isa = XCBuildConfiguration;
			buildSettings = {
				ALWAYS_SEARCH_USER_PATHS = NO;
				CLANG_ANALYZER_NONNULL = YES;
				CLANG_ANALYZER_NUMBER_OBJECT_CONVERSION = YES_AGGRESSIVE;
				CLANG_CXX_LANGUAGE_STANDARD = "gnu++0x";
				CLANG_CXX_LIBRARY = "libc++";
				CLANG_ENABLE_MODULES = YES;
				CLANG_ENABLE_OBJC_ARC = YES;
				CLANG_WARN_BOOL_CONVERSION = YES;
				CLANG_WARN_CONSTANT_CONVERSION = YES;
				CLANG_WARN_DIRECT_OBJC_ISA_USAGE = YES_ERROR;
				CLANG_WARN_DOCUMENTATION_COMMENTS = YES;
				CLANG_WARN_EMPTY_BODY = YES;
				CLANG_WARN_ENUM_CONVERSION = YES;
				CLANG_WARN_INFINITE_RECURSION = YES;
				CLANG_WARN_INT_CONVERSION = YES;
				CLANG_WARN_OBJC_ROOT_CLASS = YES_ERROR;
				CLANG_WARN_SUSPICIOUS_MOVE = YES;
				CLANG_WARN_UNREACHABLE_CODE = YES;
				CLANG_WARN__DUPLICATE_METHOD_MATCH = YES;
				"CODE_SIGN_IDENTITY[sdk=iphoneos*]" = "iPhone Developer";
				COPY_PHASE_STRIP = NO;
				DEBUG_INFORMATION_FORMAT = "dwarf-with-dsym";
				ENABLE_NS_ASSERTIONS = NO;
				ENABLE_STRICT_OBJC_MSGSEND = YES;
				GCC_C_LANGUAGE_STANDARD = gnu99;
				GCC_NO_COMMON_BLOCKS = YES;
				GCC_WARN_64_TO_32_BIT_CONVERSION = YES;
				GCC_WARN_ABOUT_RETURN_TYPE = YES_ERROR;
				GCC_WARN_UNDECLARED_SELECTOR = YES;
				GCC_WARN_UNINITIALIZED_AUTOS = YES_AGGRESSIVE;
				GCC_WARN_UNUSED_FUNCTION = YES;
				GCC_WARN_UNUSED_VARIABLE = YES;
				IPHONEOS_DEPLOYMENT_TARGET = 10.0;
				MTL_ENABLE_DEBUG_INFO = NO;
				SDKROOT = iphoneos;
				SWIFT_OPTIMIZATION_LEVEL = "-Owholemodule";
				VALIDATE_PRODUCT = YES;
			};
			name = Release;
		};
		49BD7B601EF9A1290084C123 /* Debug */ = {
			isa = XCBuildConfiguration;
			baseConfigurationReference = 0B938130F2C160B0B1EF3123 /* Pods-SuperHeroes.debug.xcconfig */;
			buildSettings = {
				ASSETCATALOG_COMPILER_APPICON_NAME = AppIcon;
				DEVELOPMENT_TEAM = A9BV75HGP3;
				INFOPLIST_FILE = SuperHeroes/Info.plist;
				LD_RUNPATH_SEARCH_PATHS = "$(inherited) @executable_path/Frameworks";
				PRODUCT_BUNDLE_IDENTIFIER = Movimentium.SuperHeroes;
				PRODUCT_NAME = "$(TARGET_NAME)";
				SWIFT_VERSION = 3.0;
			};
			name = Debug;
		};
		49BD7B611EF9A1290084C123 /* Release */ = {
			isa = XCBuildConfiguration;
			baseConfigurationReference = C2173F613D93B0CBDA4BDB19 /* Pods-SuperHeroes.release.xcconfig */;
			buildSettings = {
				ASSETCATALOG_COMPILER_APPICON_NAME = AppIcon;
				DEVELOPMENT_TEAM = A9BV75HGP3;
				INFOPLIST_FILE = SuperHeroes/Info.plist;
				LD_RUNPATH_SEARCH_PATHS = "$(inherited) @executable_path/Frameworks";
				PRODUCT_BUNDLE_IDENTIFIER = Movimentium.SuperHeroes;
				PRODUCT_NAME = "$(TARGET_NAME)";
				SWIFT_VERSION = 3.0;
			};
			name = Release;
		};
/* End XCBuildConfiguration section */

/* Begin XCConfigurationList section */
		49BD7B481EF9A1290084C123 /* Build configuration list for PBXProject "SuperHeroes" */ = {
			isa = XCConfigurationList;
			buildConfigurations = (
				49BD7B5D1EF9A1290084C123 /* Debug */,
				49BD7B5E1EF9A1290084C123 /* Release */,
			);
			defaultConfigurationIsVisible = 0;
			defaultConfigurationName = Release;
		};
		49BD7B5F1EF9A1290084C123 /* Build configuration list for PBXNativeTarget "SuperHeroes" */ = {
			isa = XCConfigurationList;
			buildConfigurations = (
				49BD7B601EF9A1290084C123 /* Debug */,
				49BD7B611EF9A1290084C123 /* Release */,
			);
			defaultConfigurationIsVisible = 0;
		};
/* End XCConfigurationList section */
	};
	rootObject = 49BD7B451EF9A1290084C123 /* Project object */;
}
